
Microsoft Visual Studio Solution File, Format Version 12.00
# Visual Studio Version 17
VisualStudioVersion = 17.10.35013.160
MinimumVisualStudioVersion = 10.0.40219.1
Project("{FAE04EC0-301F-11D3-BF4B-00C04F79EFBC}") = "VehicleRentalManagement", "VehicleRentalManagement\VehicleRentalManagement.csproj", "{4E2952D5-F37A-4AFF-9967-7874AC5C5B86}"
EndProject
Global
	GlobalSection(SolutionConfigurationPlatforms) = preSolution
		Debug|Any CPU = Debug|Any CPU
		Release|Any CPU = Release|Any CPU
	EndGlobalSection
	GlobalSection(ProjectConfigurationPlatforms) = postSolution
		{4E2952D5-F37A-4AFF-9967-7874AC5C5B86}.Debug|Any CPU.ActiveCfg = Debug|Any CPU
		{4E2952D5-F37A-4AFF-9967-7874AC5C5B86}.Debug|Any CPU.Build.0 = Debug|Any CPU
		{4E2952D5-F37A-4AFF-9967-7874AC5C5B86}.Release|Any CPU.ActiveCfg = Release|Any CPU
		{4E2952D5-F37A-4AFF-9967-7874AC5C5B86}.Release|Any CPU.Build.0 = Release|Any CPU
	EndGlobalSection
	GlobalSection(SolutionProperties) = preSolution
		HideSolutionNode = FALSE
	EndGlobalSection
	GlobalSection(ExtensibilityGlobals) = postSolution
		SolutionGuid = {DB3AEEF8-ABBA-4520-A426-624A040F55B0}
	EndGlobalSection
EndGlobal
